
Microsoft Visual Studio Solution File, Format Version 12.00
# Visual Studio Version 17
VisualStudioVersion = 17.7.34031.279
MinimumVisualStudioVersion = 10.0.40219.1
Project("{FAE04EC0-301F-11D3-BF4B-00C04F79EFBC}") = "WebApplication1", "WebApplication1.csproj", "{D61D4AAA-6A0C-4546-B733-E03DAB583D27}"
EndProject
Global
	GlobalSection(SolutionConfigurationPlatforms) = preSolution
		Debug|Any CPU = Debug|Any CPU
		Release|Any CPU = Release|Any CPU
	EndGlobalSection
	GlobalSection(ProjectConfigurationPlatforms) = postSolution
		{D61D4AAA-6A0C-4546-B733-E03DAB583D27}.Debug|Any CPU.ActiveCfg = Debug|Any CPU
		{D61D4AAA-6A0C-4546-B733-E03DAB583D27}.Debug|Any CPU.Build.0 = Debug|Any CPU
		{D61D4AAA-6A0C-4546-B733-E03DAB583D27}.Release|Any CPU.ActiveCfg = Release|Any CPU
		{D61D4AAA-6A0C-4546-B733-E03DAB583D27}.Release|Any CPU.Build.0 = Release|Any CPU
	EndGlobalSection
	GlobalSection(SolutionProperties) = preSolution
		HideSolutionNode = FALSE
	EndGlobalSection
	GlobalSection(ExtensibilityGlobals) = postSolution
		SolutionGuid = {C91BCCBD-B184-4952-835B-C36FA49D55EF}
	EndGlobalSection
EndGlobal
